
Microsoft Visual Studio Solution File, Format Version 12.00
# Visual Studio Version 17
VisualStudioVersion = 17.6.33620.401
MinimumVisualStudioVersion = 10.0.40219.1
Project("{FAE04EC0-301F-11D3-BF4B-00C04F79EFBC}") = "InProcessComWebApp", "InProcessComWebApp\InProcessComWebApp.csproj", "{96E3675C-F06D-4848-ACD1-23E136EDFCF5}"
EndProject
Global
	GlobalSection(SolutionConfigurationPlatforms) = preSolution
		Debug|Any CPU = Debug|Any CPU
		Release|Any CPU = Release|Any CPU
	EndGlobalSection
	GlobalSection(ProjectConfigurationPlatforms) = postSolution
		{96E3675C-F06D-4848-ACD1-23E136EDFCF5}.Debug|Any CPU.ActiveCfg = Debug|Any CPU
		{96E3675C-F06D-4848-ACD1-23E136EDFCF5}.Debug|Any CPU.Build.0 = Debug|Any CPU
		{96E3675C-F06D-4848-ACD1-23E136EDFCF5}.Release|Any CPU.ActiveCfg = Release|Any CPU
		{96E3675C-F06D-4848-ACD1-23E136EDFCF5}.Release|Any CPU.Build.0 = Release|Any CPU
	EndGlobalSection
	GlobalSection(SolutionProperties) = preSolution
		HideSolutionNode = FALSE
	EndGlobalSection
	GlobalSection(ExtensibilityGlobals) = postSolution
		SolutionGuid = {0D9412E6-9F7E-4512-9BCD-EE73B9F7DC9D}
	EndGlobalSection
EndGlobal
